
Microsoft Visual Studio Solution File, Format Version 12.00
# Visual Studio Version 16
VisualStudioVersion = 16.0.30907.101
MinimumVisualStudioVersion = 10.0.40219.1
Project("{FAE04EC0-301F-11D3-BF4B-00C04F79EFBC}") = "MyDictionary", "MyDictionary\MyDictionary.csproj", "{3AEC8650-0829-4231-85E9-500812D11556}"
EndProject
Global
	GlobalSection(SolutionConfigurationPlatforms) = preSolution
		Debug|Any CPU = Debug|Any CPU
		Release|Any CPU = Release|Any CPU
	EndGlobalSection
	GlobalSection(ProjectConfigurationPlatforms) = postSolution
		{3AEC8650-0829-4231-85E9-500812D11556}.Debug|Any CPU.ActiveCfg = Debug|Any CPU
		{3AEC8650-0829-4231-85E9-500812D11556}.Debug|Any CPU.Build.0 = Debug|Any CPU
		{3AEC8650-0829-4231-85E9-500812D11556}.Release|Any CPU.ActiveCfg = Release|Any CPU
		{3AEC8650-0829-4231-85E9-500812D11556}.Release|Any CPU.Build.0 = Release|Any CPU
	EndGlobalSection
	GlobalSection(SolutionProperties) = preSolution
		HideSolutionNode = FALSE
	EndGlobalSection
	GlobalSection(ExtensibilityGlobals) = postSolution
		SolutionGuid = {C1C584A7-4C39-4321-88DF-DA2B5F80662A}
	EndGlobalSection
EndGlobal
